// !$*UTF8*$!
{
	archiveVersion = 1;
	classes = {
	};
	objectVersion = 46;
	objects = {

/* Begin PBXBuildFile section */
		CE42B81319F0FAF30039A3CC /* AppDelegate.swift in Sources */ = {isa = PBXBuildFile; fileRef = CE42B81219F0FAF30039A3CC /* AppDelegate.swift */; };
		CE42B81619F0FAF30039A3CC /* Shedule.xcdatamodeld in Sources */ = {isa = PBXBuildFile; fileRef = CE42B81419F0FAF30039A3CC /* Shedule.xcdatamodeld */; };
		CE42B81819F0FAF30039A3CC /* SChooseGroupViewController.swift in Sources */ = {isa = PBXBuildFile; fileRef = CE42B81719F0FAF30039A3CC /* SChooseGroupViewController.swift */; };
		CE42B81B19F0FAF30039A3CC /* Main.storyboard in Resources */ = {isa = PBXBuildFile; fileRef = CE42B81919F0FAF30039A3CC /* Main.storyboard */; };
		CE42B81D19F0FAF30039A3CC /* Images.xcassets in Resources */ = {isa = PBXBuildFile; fileRef = CE42B81C19F0FAF30039A3CC /* Images.xcassets */; };
		CE42B82019F0FAF30039A3CC /* LaunchScreen.xib in Resources */ = {isa = PBXBuildFile; fileRef = CE42B81E19F0FAF30039A3CC /* LaunchScreen.xib */; };
		CE42B82C19F0FAF40039A3CC /* SheduleTests.swift in Sources */ = {isa = PBXBuildFile; fileRef = CE42B82B19F0FAF40039A3CC /* SheduleTests.swift */; };
		CE42B83719F0FD3B0039A3CC /* SBorderedView.swift in Sources */ = {isa = PBXBuildFile; fileRef = CE42B83619F0FD3B0039A3CC /* SBorderedView.swift */; };
		CE42B83919F1008B0039A3CC /* SBorderedButton.swift in Sources */ = {isa = PBXBuildFile; fileRef = CE42B83819F1008B0039A3CC /* SBorderedButton.swift */; };
		CE8AEC0519F28C64002612F7 /* SGroupTableViewCell.swift in Sources */ = {isa = PBXBuildFile; fileRef = CE8AEC0419F28C64002612F7 /* SGroupTableViewCell.swift */; };
		CE8AEC0819F2ACFF002612F7 /* STeacher.swift in Sources */ = {isa = PBXBuildFile; fileRef = CE8AEC0719F2ACFF002612F7 /* STeacher.swift */; };
		CE8AEC0C19F2AD00002612F7 /* SFaculty.swift in Sources */ = {isa = PBXBuildFile; fileRef = CE8AEC0B19F2AD00002612F7 /* SFaculty.swift */; };
		CE8AEC0E19F2AD00002612F7 /* SGroup.swift in Sources */ = {isa = PBXBuildFile; fileRef = CE8AEC0D19F2AD00002612F7 /* SGroup.swift */; };
		CE8AEC1019F2AD00002612F7 /* SClass.swift in Sources */ = {isa = PBXBuildFile; fileRef = CE8AEC0F19F2AD00002612F7 /* SClass.swift */; };
		CE8AEC1219F2AD48002612F7 /* SDepartment.swift in Sources */ = {isa = PBXBuildFile; fileRef = CE8AEC1119F2AD48002612F7 /* SDepartment.swift */; };
		CE8AEC1619F39AB3002612F7 /* SModel.swift in Sources */ = {isa = PBXBuildFile; fileRef = CE8AEC1519F39AB3002612F7 /* SModel.swift */; };
/* End PBXBuildFile section */

/* Begin PBXContainerItemProxy section */
		CE42B82619F0FAF40039A3CC /* PBXContainerItemProxy */ = {
			isa = PBXContainerItemProxy;
			containerPortal = CE42B80519F0FAF30039A3CC /* Project object */;
			proxyType = 1;
			remoteGlobalIDString = CE42B80C19F0FAF30039A3CC;
			remoteInfo = Shedule;
		};
/* End PBXContainerItemProxy section */

/* Begin PBXFileReference section */
		CE42B80D19F0FAF30039A3CC /* Shedule.app */ = {isa = PBXFileReference; explicitFileType = wrapper.application; includeInIndex = 0; path = Shedule.app; sourceTree = BUILT_PRODUCTS_DIR; };
		CE42B81119F0FAF30039A3CC /* Info.plist */ = {isa = PBXFileReference; lastKnownFileType = text.plist.xml; path = Info.plist; sourceTree = "<group>"; };
		CE42B81219F0FAF30039A3CC /* AppDelegate.swift */ = {isa = PBXFileReference; lastKnownFileType = sourcecode.swift; path = AppDelegate.swift; sourceTree = "<group>"; };
		CE42B81519F0FAF30039A3CC /* Shedule.xcdatamodel */ = {isa = PBXFileReference; lastKnownFileType = wrapper.xcdatamodel; path = Shedule.xcdatamodel; sourceTree = "<group>"; };
		CE42B81719F0FAF30039A3CC /* SChooseGroupViewController.swift */ = {isa = PBXFileReference; lastKnownFileType = sourcecode.swift; path = SChooseGroupViewController.swift; sourceTree = "<group>"; };
		CE42B81A19F0FAF30039A3CC /* Base */ = {isa = PBXFileReference; lastKnownFileType = file.storyboard; name = Base; path = Base.lproj/Main.storyboard; sourceTree = "<group>"; };
		CE42B81C19F0FAF30039A3CC /* Images.xcassets */ = {isa = PBXFileReference; lastKnownFileType = folder.assetcatalog; path = Images.xcassets; sourceTree = "<group>"; };
		CE42B81F19F0FAF30039A3CC /* Base */ = {isa = PBXFileReference; lastKnownFileType = file.xib; name = Base; path = Base.lproj/LaunchScreen.xib; sourceTree = "<group>"; };
		CE42B82519F0FAF40039A3CC /* SheduleTests.xctest */ = {isa = PBXFileReference; explicitFileType = wrapper.cfbundle; includeInIndex = 0; path = SheduleTests.xctest; sourceTree = BUILT_PRODUCTS_DIR; };
		CE42B82A19F0FAF40039A3CC /* Info.plist */ = {isa = PBXFileReference; lastKnownFileType = text.plist.xml; path = Info.plist; sourceTree = "<group>"; };
		CE42B82B19F0FAF40039A3CC /* SheduleTests.swift */ = {isa = PBXFileReference; lastKnownFileType = sourcecode.swift; path = SheduleTests.swift; sourceTree = "<group>"; };
		CE42B83619F0FD3B0039A3CC /* SBorderedView.swift */ = {isa = PBXFileReference; fileEncoding = 4; lastKnownFileType = sourcecode.swift; path = SBorderedView.swift; sourceTree = "<group>"; };
		CE42B83819F1008B0039A3CC /* SBorderedButton.swift */ = {isa = PBXFileReference; fileEncoding = 4; lastKnownFileType = sourcecode.swift; path = SBorderedButton.swift; sourceTree = "<group>"; };
		CE8AEC0419F28C64002612F7 /* SGroupTableViewCell.swift */ = {isa = PBXFileReference; fileEncoding = 4; lastKnownFileType = sourcecode.swift; path = SGroupTableViewCell.swift; sourceTree = "<group>"; };
		CE8AEC0719F2ACFF002612F7 /* STeacher.swift */ = {isa = PBXFileReference; fileEncoding = 4; lastKnownFileType = sourcecode.swift; path = STeacher.swift; sourceTree = "<group>"; };
		CE8AEC0B19F2AD00002612F7 /* SFaculty.swift */ = {isa = PBXFileReference; fileEncoding = 4; lastKnownFileType = sourcecode.swift; path = SFaculty.swift; sourceTree = "<group>"; };
		CE8AEC0D19F2AD00002612F7 /* SGroup.swift */ = {isa = PBXFileReference; fileEncoding = 4; lastKnownFileType = sourcecode.swift; path = SGroup.swift; sourceTree = "<group>"; };
		CE8AEC0F19F2AD00002612F7 /* SClass.swift */ = {isa = PBXFileReference; fileEncoding = 4; lastKnownFileType = sourcecode.swift; path = SClass.swift; sourceTree = "<group>"; };
		CE8AEC1119F2AD48002612F7 /* SDepartment.swift */ = {isa = PBXFileReference; fileEncoding = 4; lastKnownFileType = sourcecode.swift; path = SDepartment.swift; sourceTree = "<group>"; };
		CE8AEC1519F39AB3002612F7 /* SModel.swift */ = {isa = PBXFileReference; fileEncoding = 4; lastKnownFileType = sourcecode.swift; path = SModel.swift; sourceTree = "<group>"; };
/* End PBXFileReference section */

/* Begin PBXFrameworksBuildPhase section */
		CE42B80A19F0FAF30039A3CC /* Frameworks */ = {
			isa = PBXFrameworksBuildPhase;
			buildActionMask = 2147483647;
			files = (
			);
			runOnlyForDeploymentPostprocessing = 0;
		};
		CE42B82219F0FAF40039A3CC /* Frameworks */ = {
			isa = PBXFrameworksBuildPhase;
			buildActionMask = 2147483647;
			files = (
			);
			runOnlyForDeploymentPostprocessing = 0;
		};
/* End PBXFrameworksBuildPhase section */

/* Begin PBXGroup section */
		CE42B80419F0FAF30039A3CC = {
			isa = PBXGroup;
			children = (
				CE42B80F19F0FAF30039A3CC /* Shedule */,
				CE42B82819F0FAF40039A3CC /* SheduleTests */,
				CE42B80E19F0FAF30039A3CC /* Products */,
			);
			sourceTree = "<group>";
		};
		CE42B80E19F0FAF30039A3CC /* Products */ = {
			isa = PBXGroup;
			children = (
				CE42B80D19F0FAF30039A3CC /* Shedule.app */,
				CE42B82519F0FAF40039A3CC /* SheduleTests.xctest */,
			);
			name = Products;
			sourceTree = "<group>";
		};
		CE42B80F19F0FAF30039A3CC /* Shedule */ = {
			isa = PBXGroup;
			children = (
				CE8AEC1419F2AD97002612F7 /* Controllers */,
				CE8AEC1319F2AD74002612F7 /* Model */,
				CE8AEC0619F2ACA7002612F7 /* Data Model */,
				CE8AEC0319F28C14002612F7 /* Cells */,
				CE42B83519F0FCB10039A3CC /* Views */,
				CE42B81219F0FAF30039A3CC /* AppDelegate.swift */,
				CE42B81919F0FAF30039A3CC /* Main.storyboard */,
				CE42B81C19F0FAF30039A3CC /* Images.xcassets */,
				CE42B81E19F0FAF30039A3CC /* LaunchScreen.xib */,
				CE42B81019F0FAF30039A3CC /* Supporting Files */,
			);
			path = Shedule;
			sourceTree = "<group>";
		};
		CE42B81019F0FAF30039A3CC /* Supporting Files */ = {
			isa = PBXGroup;
			children = (
				CE42B81119F0FAF30039A3CC /* Info.plist */,
			);
			name = "Supporting Files";
			sourceTree = "<group>";
		};
		CE42B82819F0FAF40039A3CC /* SheduleTests */ = {
			isa = PBXGroup;
			children = (
				CE42B82B19F0FAF40039A3CC /* SheduleTests.swift */,
				CE42B82919F0FAF40039A3CC /* Supporting Files */,
			);
			path = SheduleTests;
			sourceTree = "<group>";
		};
		CE42B82919F0FAF40039A3CC /* Supporting Files */ = {
			isa = PBXGroup;
			children = (
				CE42B82A19F0FAF40039A3CC /* Info.plist */,
			);
			name = "Supporting Files";
			sourceTree = "<group>";
		};
		CE42B83519F0FCB10039A3CC /* Views */ = {
			isa = PBXGroup;
			children = (
				CE42B83619F0FD3B0039A3CC /* SBorderedView.swift */,
				CE42B83819F1008B0039A3CC /* SBorderedButton.swift */,
			);
			path = Views;
			sourceTree = "<group>";
		};
		CE8AEC0319F28C14002612F7 /* Cells */ = {
			isa = PBXGroup;
			children = (
				CE8AEC0419F28C64002612F7 /* SGroupTableViewCell.swift */,
			);
			path = Cells;
			sourceTree = "<group>";
		};
		CE8AEC0619F2ACA7002612F7 /* Data Model */ = {
			isa = PBXGroup;
			children = (
				CE42B81419F0FAF30039A3CC /* Shedule.xcdatamodeld */,
				CE8AEC0F19F2AD00002612F7 /* SClass.swift */,
				CE8AEC1119F2AD48002612F7 /* SDepartment.swift */,
				CE8AEC0D19F2AD00002612F7 /* SGroup.swift */,
				CE8AEC0B19F2AD00002612F7 /* SFaculty.swift */,
				CE8AEC0719F2ACFF002612F7 /* STeacher.swift */,
			);
			path = "Data Model";
			sourceTree = "<group>";
		};
		CE8AEC1319F2AD74002612F7 /* Model */ = {
			isa = PBXGroup;
			children = (
				CE8AEC1519F39AB3002612F7 /* SModel.swift */,
			);
			path = Model;
			sourceTree = "<group>";
		};
		CE8AEC1419F2AD97002612F7 /* Controllers */ = {
			isa = PBXGroup;
			children = (
				CE42B81719F0FAF30039A3CC /* SChooseGroupViewController.swift */,
			);
			name = Controllers;
			sourceTree = "<group>";
		};
/* End PBXGroup section */

/* Begin PBXNativeTarget section */
		CE42B80C19F0FAF30039A3CC /* Shedule */ = {
			isa = PBXNativeTarget;
			buildConfigurationList = CE42B82F19F0FAF40039A3CC /* Build configuration list for PBXNativeTarget "Shedule" */;
			buildPhases = (
				CE42B80919F0FAF30039A3CC /* Sources */,
				CE42B80A19F0FAF30039A3CC /* Frameworks */,
				CE42B80B19F0FAF30039A3CC /* Resources */,
			);
			buildRules = (
			);
			dependencies = (
			);
			name = Shedule;
			productName = Shedule;
			productReference = CE42B80D19F0FAF30039A3CC /* Shedule.app */;
			productType = "com.apple.product-type.application";
		};
		CE42B82419F0FAF40039A3CC /* SheduleTests */ = {
			isa = PBXNativeTarget;
			buildConfigurationList = CE42B83219F0FAF40039A3CC /* Build configuration list for PBXNativeTarget "SheduleTests" */;
			buildPhases = (
				CE42B82119F0FAF40039A3CC /* Sources */,
				CE42B82219F0FAF40039A3CC /* Frameworks */,
				CE42B82319F0FAF40039A3CC /* Resources */,
			);
			buildRules = (
			);
			dependencies = (
				CE42B82719F0FAF40039A3CC /* PBXTargetDependency */,
			);
			name = SheduleTests;
			productName = SheduleTests;
			productReference = CE42B82519F0FAF40039A3CC /* SheduleTests.xctest */;
			productType = "com.apple.product-type.bundle.unit-test";
		};
/* End PBXNativeTarget section */

/* Begin PBXProject section */
		CE42B80519F0FAF30039A3CC /* Project object */ = {
			isa = PBXProject;
			attributes = {
				CLASSPREFIX = S;
				LastUpgradeCheck = 0600;
				ORGANIZATIONNAME = SMediaLink;
				TargetAttributes = {
					CE42B80C19F0FAF30039A3CC = {
						CreatedOnToolsVersion = 6.0.1;
					};
					CE42B82419F0FAF40039A3CC = {
						CreatedOnToolsVersion = 6.0.1;
						TestTargetID = CE42B80C19F0FAF30039A3CC;
					};
				};
			};
			buildConfigurationList = CE42B80819F0FAF30039A3CC /* Build configuration list for PBXProject "Shedule" */;
			compatibilityVersion = "Xcode 3.2";
			developmentRegion = English;
			hasScannedForEncodings = 0;
			knownRegions = (
				en,
				Base,
			);
			mainGroup = CE42B80419F0FAF30039A3CC;
			productRefGroup = CE42B80E19F0FAF30039A3CC /* Products */;
			projectDirPath = "";
			projectRoot = "";
			targets = (
				CE42B80C19F0FAF30039A3CC /* Shedule */,
				CE42B82419F0FAF40039A3CC /* SheduleTests */,
			);
		};
/* End PBXProject section */

/* Begin PBXResourcesBuildPhase section */
		CE42B80B19F0FAF30039A3CC /* Resources */ = {
			isa = PBXResourcesBuildPhase;
			buildActionMask = 2147483647;
			files = (
				CE42B81B19F0FAF30039A3CC /* Main.storyboard in Resources */,
				CE42B82019F0FAF30039A3CC /* LaunchScreen.xib in Resources */,
				CE42B81D19F0FAF30039A3CC /* Images.xcassets in Resources */,
			);
			runOnlyForDeploymentPostprocessing = 0;
		};
		CE42B82319F0FAF40039A3CC /* Resources */ = {
			isa = PBXResourcesBuildPhase;
			buildActionMask = 2147483647;
			files = (
			);
			runOnlyForDeploymentPostprocessing = 0;
		};
/* End PBXResourcesBuildPhase section */

/* Begin PBXSourcesBuildPhase section */
		CE42B80919F0FAF30039A3CC /* Sources */ = {
			isa = PBXSourcesBuildPhase;
			buildActionMask = 2147483647;
			files = (
				CE8AEC1219F2AD48002612F7 /* SDepartment.swift in Sources */,
				CE8AEC0819F2ACFF002612F7 /* STeacher.swift in Sources */,
				CE42B81819F0FAF30039A3CC /* SChooseGroupViewController.swift in Sources */,
				CE8AEC1619F39AB3002612F7 /* SModel.swift in Sources */,
				CE42B83919F1008B0039A3CC /* SBorderedButton.swift in Sources */,
				CE8AEC0C19F2AD00002612F7 /* SFaculty.swift in Sources */,
				CE42B81619F0FAF30039A3CC /* Shedule.xcdatamodeld in Sources */,
				CE8AEC0519F28C64002612F7 /* SGroupTableViewCell.swift in Sources */,
				CE8AEC0E19F2AD00002612F7 /* SGroup.swift in Sources */,
				CE8AEC1019F2AD00002612F7 /* SClass.swift in Sources */,
				CE42B81319F0FAF30039A3CC /* AppDelegate.swift in Sources */,
				CE42B83719F0FD3B0039A3CC /* SBorderedView.swift in Sources */,
			);
			runOnlyForDeploymentPostprocessing = 0;
		};
		CE42B82119F0FAF40039A3CC /* Sources */ = {
			isa = PBXSourcesBuildPhase;
			buildActionMask = 2147483647;
			files = (
				CE42B82C19F0FAF40039A3CC /* SheduleTests.swift in Sources */,
			);
			runOnlyForDeploymentPostprocessing = 0;
		};
/* End PBXSourcesBuildPhase section */

/* Begin PBXTargetDependency section */
		CE42B82719F0FAF40039A3CC /* PBXTargetDependency */ = {
			isa = PBXTargetDependency;
			target = CE42B80C19F0FAF30039A3CC /* Shedule */;
			targetProxy = CE42B82619F0FAF40039A3CC /* PBXContainerItemProxy */;
		};
/* End PBXTargetDependency section */

/* Begin PBXVariantGroup section */
		CE42B81919F0FAF30039A3CC /* Main.storyboard */ = {
			isa = PBXVariantGroup;
			children = (
				CE42B81A19F0FAF30039A3CC /* Base */,
			);
			name = Main.storyboard;
			sourceTree = "<group>";
		};
		CE42B81E19F0FAF30039A3CC /* LaunchScreen.xib */ = {
			isa = PBXVariantGroup;
			children = (
				CE42B81F19F0FAF30039A3CC /* Base */,
			);
			name = LaunchScreen.xib;
			sourceTree = "<group>";
		};
/* End PBXVariantGroup section */

/* Begin XCBuildConfiguration section */
		CE42B82D19F0FAF40039A3CC /* Debug */ = {
			isa = XCBuildConfiguration;
			buildSettings = {
				ALWAYS_SEARCH_USER_PATHS = NO;
				CLANG_CXX_LANGUAGE_STANDARD = "gnu++0x";
				CLANG_CXX_LIBRARY = "libc++";
				CLANG_ENABLE_MODULES = YES;
				CLANG_ENABLE_OBJC_ARC = YES;
				CLANG_WARN_BOOL_CONVERSION = YES;
				CLANG_WARN_CONSTANT_CONVERSION = YES;
				CLANG_WARN_DIRECT_OBJC_ISA_USAGE = YES_ERROR;
				CLANG_WARN_EMPTY_BODY = YES;
				CLANG_WARN_ENUM_CONVERSION = YES;
				CLANG_WARN_INT_CONVERSION = YES;
				CLANG_WARN_OBJC_ROOT_CLASS = YES_ERROR;
				CLANG_WARN_UNREACHABLE_CODE = YES;
				CLANG_WARN__DUPLICATE_METHOD_MATCH = YES;
				"CODE_SIGN_IDENTITY[sdk=iphoneos*]" = "iPhone Developer";
				COPY_PHASE_STRIP = NO;
				ENABLE_STRICT_OBJC_MSGSEND = YES;
				GCC_C_LANGUAGE_STANDARD = gnu99;
				GCC_DYNAMIC_NO_PIC = NO;
				GCC_OPTIMIZATION_LEVEL = 0;
				GCC_PREPROCESSOR_DEFINITIONS = (
					"DEBUG=1",
					"$(inherited)",
				);
				GCC_SYMBOLS_PRIVATE_EXTERN = NO;
				GCC_WARN_64_TO_32_BIT_CONVERSION = YES;
				GCC_WARN_ABOUT_RETURN_TYPE = YES_ERROR;
				GCC_WARN_UNDECLARED_SELECTOR = YES;
				GCC_WARN_UNINITIALIZED_AUTOS = YES_AGGRESSIVE;
				GCC_WARN_UNUSED_FUNCTION = YES;
				GCC_WARN_UNUSED_VARIABLE = YES;
				IPHONEOS_DEPLOYMENT_TARGET = 7.1;
				MTL_ENABLE_DEBUG_INFO = YES;
				ONLY_ACTIVE_ARCH = YES;
				SDKROOT = iphoneos;
				SWIFT_OPTIMIZATION_LEVEL = "-Onone";
				TARGETED_DEVICE_FAMILY = "1,2";
			};
			name = Debug;
		};
		CE42B82E19F0FAF40039A3CC /* Release */ = {
			isa = XCBuildConfiguration;
			buildSettings = {
				ALWAYS_SEARCH_USER_PATHS = NO;
				CLANG_CXX_LANGUAGE_STANDARD = "gnu++0x";
				CLANG_CXX_LIBRARY = "libc++";
				CLANG_ENABLE_MODULES = YES;
				CLANG_ENABLE_OBJC_ARC = YES;
				CLANG_WARN_BOOL_CONVERSION = YES;
				CLANG_WARN_CONSTANT_CONVERSION = YES;
				CLANG_WARN_DIRECT_OBJC_ISA_USAGE = YES_ERROR;
				CLANG_WARN_EMPTY_BODY = YES;
				CLANG_WARN_ENUM_CONVERSION = YES;
				CLANG_WARN_INT_CONVERSION = YES;
				CLANG_WARN_OBJC_ROOT_CLASS = YES_ERROR;
				CLANG_WARN_UNREACHABLE_CODE = YES;
				CLANG_WARN__DUPLICATE_METHOD_MATCH = YES;
				"CODE_SIGN_IDENTITY[sdk=iphoneos*]" = "iPhone Developer";
				COPY_PHASE_STRIP = YES;
				ENABLE_NS_ASSERTIONS = NO;
				ENABLE_STRICT_OBJC_MSGSEND = YES;
				GCC_C_LANGUAGE_STANDARD = gnu99;
				GCC_WARN_64_TO_32_BIT_CONVERSION = YES;
				GCC_WARN_ABOUT_RETURN_TYPE = YES_ERROR;
				GCC_WARN_UNDECLARED_SELECTOR = YES;
				GCC_WARN_UNINITIALIZED_AUTOS = YES_AGGRESSIVE;
				GCC_WARN_UNUSED_FUNCTION = YES;
				GCC_WARN_UNUSED_VARIABLE = YES;
				IPHONEOS_DEPLOYMENT_TARGET = 7.1;
				MTL_ENABLE_DEBUG_INFO = NO;
				SDKROOT = iphoneos;
				TARGETED_DEVICE_FAMILY = "1,2";
				VALIDATE_PRODUCT = YES;
			};
			name = Release;
		};
		CE42B83019F0FAF40039A3CC /* Debug */ = {
			isa = XCBuildConfiguration;
			buildSettings = {
				ASSETCATALOG_COMPILER_APPICON_NAME = AppIcon;
				ASSETCATALOG_COMPILER_LAUNCHIMAGE_NAME = LaunchImage;
				INFOPLIST_FILE = Shedule/Info.plist;
				IPHONEOS_DEPLOYMENT_TARGET = 7.1;
				LD_RUNPATH_SEARCH_PATHS = "$(inherited) @executable_path/Frameworks";
				PRODUCT_NAME = "$(TARGET_NAME)";
				TARGETED_DEVICE_FAMILY = 1;
			};
			name = Debug;
		};
		CE42B83119F0FAF40039A3CC /* Release */ = {
			isa = XCBuildConfiguration;
			buildSettings = {
				ASSETCATALOG_COMPILER_APPICON_NAME = AppIcon;
				ASSETCATALOG_COMPILER_LAUNCHIMAGE_NAME = LaunchImage;
				INFOPLIST_FILE = Shedule/Info.plist;
				IPHONEOS_DEPLOYMENT_TARGET = 7.1;
				LD_RUNPATH_SEARCH_PATHS = "$(inherited) @executable_path/Frameworks";
				PRODUCT_NAME = "$(TARGET_NAME)";
				TARGETED_DEVICE_FAMILY = 1;
			};
			name = Release;
		};
		CE42B83319F0FAF40039A3CC /* Debug */ = {
			isa = XCBuildConfiguration;
			buildSettings = {
				BUNDLE_LOADER = "$(TEST_HOST)";
				FRAMEWORK_SEARCH_PATHS = (
					"$(SDKROOT)/Developer/Library/Frameworks",
					"$(inherited)",
				);
				GCC_PREPROCESSOR_DEFINITIONS = (
					"DEBUG=1",
					"$(inherited)",
				);
				INFOPLIST_FILE = SheduleTests/Info.plist;
				LD_RUNPATH_SEARCH_PATHS = "$(inherited) @executable_path/Frameworks @loader_path/Frameworks";
				PRODUCT_NAME = "$(TARGET_NAME)";
				TEST_HOST = "$(BUILT_PRODUCTS_DIR)/Shedule.app/Shedule";
			};
			name = Debug;
		};
		CE42B83419F0FAF40039A3CC /* Release */ = {
			isa = XCBuildConfiguration;
			buildSettings = {
				BUNDLE_LOADER = "$(TEST_HOST)";
				FRAMEWORK_SEARCH_PATHS = (
					"$(SDKROOT)/Developer/Library/Frameworks",
					"$(inherited)",
				);
				INFOPLIST_FILE = SheduleTests/Info.plist;
				LD_RUNPATH_SEARCH_PATHS = "$(inherited) @executable_path/Frameworks @loader_path/Frameworks";
				PRODUCT_NAME = "$(TARGET_NAME)";
				TEST_HOST = "$(BUILT_PRODUCTS_DIR)/Shedule.app/Shedule";
			};
			name = Release;
		};
/* End XCBuildConfiguration section */

/* Begin XCConfigurationList section */
		CE42B80819F0FAF30039A3CC /* Build configuration list for PBXProject "Shedule" */ = {
			isa = XCConfigurationList;
			buildConfigurations = (
				CE42B82D19F0FAF40039A3CC /* Debug */,
				CE42B82E19F0FAF40039A3CC /* Release */,
			);
			defaultConfigurationIsVisible = 0;
			defaultConfigurationName = Release;
		};
		CE42B82F19F0FAF40039A3CC /* Build configuration list for PBXNativeTarget "Shedule" */ = {
			isa = XCConfigurationList;
			buildConfigurations = (
				CE42B83019F0FAF40039A3CC /* Debug */,
				CE42B83119F0FAF40039A3CC /* Release */,
			);
			defaultConfigurationIsVisible = 0;
			defaultConfigurationName = Release;
		};
		CE42B83219F0FAF40039A3CC /* Build configuration list for PBXNativeTarget "SheduleTests" */ = {
			isa = XCConfigurationList;
			buildConfigurations = (
				CE42B83319F0FAF40039A3CC /* Debug */,
				CE42B83419F0FAF40039A3CC /* Release */,
			);
			defaultConfigurationIsVisible = 0;
			defaultConfigurationName = Release;
		};
/* End XCConfigurationList section */

/* Begin XCVersionGroup section */
		CE42B81419F0FAF30039A3CC /* Shedule.xcdatamodeld */ = {
			isa = XCVersionGroup;
			children = (
				CE42B81519F0FAF30039A3CC /* Shedule.xcdatamodel */,
			);
			currentVersion = CE42B81519F0FAF30039A3CC /* Shedule.xcdatamodel */;
			name = Shedule.xcdatamodeld;
			path = ../Shedule.xcdatamodeld;
			sourceTree = "<group>";
			versionGroupType = wrapper.xcdatamodel;
		};
/* End XCVersionGroup section */
	};
	rootObject = CE42B80519F0FAF30039A3CC /* Project object */;
}
